
Microsoft Visual Studio Solution File, Format Version 12.00
# Visual Studio 15
VisualStudioVersion = 15.0.28307.1758
MinimumVisualStudioVersion = 10.0.40219.1
Project("{F2A71F9B-5D33-465A-A702-920D77279786}") = "E1FEjericicio2", "E1FEjericicio2\E1FEjericicio2.fsproj", "{DA595A52-9ED3-4A66-BFE6-DF66A29715DE}"
EndProject
Global
	GlobalSection(SolutionConfigurationPlatforms) = preSolution
		Debug|Any CPU = Debug|Any CPU
		Release|Any CPU = Release|Any CPU
	EndGlobalSection
	GlobalSection(ProjectConfigurationPlatforms) = postSolution
		{DA595A52-9ED3-4A66-BFE6-DF66A29715DE}.Debug|Any CPU.ActiveCfg = Debug|Any CPU
		{DA595A52-9ED3-4A66-BFE6-DF66A29715DE}.Debug|Any CPU.Build.0 = Debug|Any CPU
		{DA595A52-9ED3-4A66-BFE6-DF66A29715DE}.Release|Any CPU.ActiveCfg = Release|Any CPU
		{DA595A52-9ED3-4A66-BFE6-DF66A29715DE}.Release|Any CPU.Build.0 = Release|Any CPU
	EndGlobalSection
	GlobalSection(SolutionProperties) = preSolution
		HideSolutionNode = FALSE
	EndGlobalSection
	GlobalSection(ExtensibilityGlobals) = postSolution
		SolutionGuid = {6CC787A9-08B1-4D0D-808F-2986E49264EF}
	EndGlobalSection
EndGlobal
